Microsoft Visual Studio Solution File, Format Version 8.00
Project("{8BC9CEB8-8B4A-11D0-8D11-00A0C91BC942}") = "image2xpm", "image2xpm.vcproj", "{EE3F0E3A-CB14-451B-BA57-FD012E13CEDE}"
	ProjectSection(ProjectDependencies) = postProject
	EndProjectSection
EndProject
Global
	GlobalSection(SolutionConfiguration) = preSolution
		Debug = Debug
		Release = Release
	EndGlobalSection
	GlobalSection(ProjectDependencies) = postSolution
	EndGlobalSection
	GlobalSection(ProjectConfiguration) = postSolution
		{EE3F0E3A-CB14-451B-BA57-FD012E13CEDE}.Debug.ActiveCfg = Debug|Win32
		{EE3F0E3A-CB14-451B-BA57-FD012E13CEDE}.Debug.Build.0 = Debug|Win32
		{EE3F0E3A-CB14-451B-BA57-FD012E13CEDE}.Release.ActiveCfg = Release|Win32
		{EE3F0E3A-CB14-451B-BA57-FD012E13CEDE}.Release.Build.0 = Release|Win32
	EndGlobalSection
	GlobalSection(ExtensibilityGlobals) = postSolution
	EndGlobalSection
	GlobalSection(ExtensibilityAddIns) = postSolution
	EndGlobalSection
EndGlobal
