<?xml version="1.0" encoding="UTF-8" standalone="yes" ?>
<CodeBlocks_project_file>
	<FileVersion major="1" minor="6" />
	<Project>
		<Option title="wxmedit_wxsmith" />
		<Option pch_mode="2" />
		<Extensions>
			<code_completion />
			<envvars />
			<debugger />
			<lib_finder disable_auto="1" />
			<wxsmith version="1">
				<resources>
					<wxDialog wxs="wxsmith/wxmedit_about_dialog.wxs" src="wxmedit_about_dialog.cpp" hdr="wxmedit_about_dialog.h" fwddecl="0" i18n="1" name="WXMAboutDialog" language="CPP" />
				</resources>
			</wxsmith>
		</Extensions>
	</Project>
</CodeBlocks_project_file>
