<?xml version="1.0" encoding="UTF-8" standalone="yes" ?>
<CodeBlocks_project_file>
	<FileVersion major="1" minor="6" />
	<Project>
		<Option title="wxmedit_wxsmith" />
		<Option pch_mode="2" />
		<Option compiler="gcc" />
		<Build>
			<Target title="default">
				<Option output="wxmedit_wxsmith" prefix_auto="1" extension_auto="1" />
				<Option type="0" />
				<Option compiler="gcc" />
			</Target>
		</Build>
		<Unit filename="wxm_conv_enc_dialog.cpp" />
		<Unit filename="wxm_conv_enc_dialog.h" />
		<Unit filename="wxm_file_association_dialog.cpp" />
		<Unit filename="wxm_file_association_dialog.h" />
		<Unit filename="wxm_find_in_files_dialog.cpp" />
		<Unit filename="wxm_find_in_files_dialog.h" />
		<Unit filename="wxm_replace_dialog.cpp" />
		<Unit filename="wxm_replace_dialog.h" />
		<Unit filename="wxm_search_dialog.cpp" />
		<Unit filename="wxm_search_dialog.h" />
		<Unit filename="wxm_sort_dialog.cpp" />
		<Unit filename="wxm_sort_dialog.h" />
		<Unit filename="wxm_word_count_dialog.cpp" />
		<Unit filename="wxm_word_count_dialog.h" />
		<Unit filename="wxmedit_about_dialog.cpp" />
		<Unit filename="wxmedit_about_dialog.h" />
		<Unit filename="wxsmith/wxm_conv_enc_dialog.wxs" />
		<Unit filename="wxsmith/wxm_file_association_dialog.wxs" />
		<Unit filename="wxsmith/wxm_find_in_files_dialog.wxs" />
		<Unit filename="wxsmith/wxm_replace_dialog.wxs" />
		<Unit filename="wxsmith/wxm_search_dialog.wxs" />
		<Unit filename="wxsmith/wxm_sort_dialog.wxs" />
		<Unit filename="wxsmith/wxm_word_count_dialog.wxs" />
		<Unit filename="wxsmith/wxmedit_about_dialog.wxs" />
		<Extensions>
			<code_completion />
			<envvars />
			<debugger />
			<lib_finder disable_auto="1" />
			<wxsmith version="1">
				<resources>
					<wxDialog wxs="wxsmith/wxmedit_about_dialog.wxs" src="wxmedit_about_dialog.cpp" hdr="wxmedit_about_dialog.h" fwddecl="0" i18n="1" name="WXMAboutDialog" language="CPP" />
					<wxDialog wxs="wxsmith/wxm_sort_dialog.wxs" src="wxm_sort_dialog.cpp" hdr="wxm_sort_dialog.h" fwddecl="0" i18n="1" name="WXMSortDialog" language="CPP" />
					<wxDialog wxs="wxsmith/wxm_conv_enc_dialog.wxs" src="wxm_conv_enc_dialog.cpp" hdr="wxm_conv_enc_dialog.h" fwddecl="0" i18n="1" name="WXMConvEncDialog" language="CPP" />
					<wxDialog wxs="wxsmith/wxm_word_count_dialog.wxs" src="wxm_word_count_dialog.cpp" hdr="wxm_word_count_dialog.h" fwddecl="0" i18n="1" name="WXMWordCountDialog" language="CPP" />
					<wxDialog wxs="wxsmith/wxm_file_association_dialog.wxs" src="wxm_file_association_dialog.cpp" hdr="wxm_file_association_dialog.h" fwddecl="0" i18n="1" name="WXMFileAssociationDialog" language="CPP" />
					<wxDialog wxs="wxsmith/wxm_search_dialog.wxs" src="wxm_search_dialog.cpp" hdr="wxm_search_dialog.h" fwddecl="0" i18n="1" name="WXMSearchDialog" language="CPP" />
					<wxDialog wxs="wxsmith/wxm_replace_dialog.wxs" src="wxm_replace_dialog.cpp" hdr="wxm_replace_dialog.h" fwddecl="0" i18n="1" name="WXMReplaceDialog" language="CPP" />
					<wxDialog wxs="wxsmith/wxm_find_in_files_dialog.wxs" src="wxm_find_in_files_dialog.cpp" hdr="wxm_find_in_files_dialog.h" fwddecl="0" i18n="1" name="WXMFindInFilesDialog" language="CPP" />
				</resources>
			</wxsmith>
		</Extensions>
	</Project>
</CodeBlocks_project_file>
